// !$*UTF8*$!
{
	archiveVersion = 1;
	classes = {
	};
	objectVersion = 50;
	objects = {

/* Begin PBXBuildFile section */
		FF5EECEA23648C0900391697 /* AppDelegate.swift in Sources */ = {isa = PBXBuildFile; fileRef = FF5EECE923648C0900391697 /* AppDelegate.swift */; };
		FF5EECEC23648C0900391697 /* SceneDelegate.swift in Sources */ = {isa = PBXBuildFile; fileRef = FF5EECEB23648C0900391697 /* SceneDelegate.swift */; };
		FF5EECEE23648C0900391697 /* ViewController.swift in Sources */ = {isa = PBXBuildFile; fileRef = FF5EECED23648C0900391697 /* ViewController.swift */; };
		FF5EECF123648C0900391697 /* Main.storyboard in Resources */ = {isa = PBXBuildFile; fileRef = FF5EECEF23648C0900391697 /* Main.storyboard */; };
		FF5EECF323648C1200391697 /* Assets.xcassets in Resources */ = {isa = PBXBuildFile; fileRef = FF5EECF223648C1200391697 /* Assets.xcassets */; };
		FF5EECF623648C1200391697 /* LaunchScreen.storyboard in Resources */ = {isa = PBXBuildFile; fileRef = FF5EECF423648C1200391697 /* LaunchScreen.storyboard */; };
		FF5EECFE23648EC000391697 /* PlantTypes.plist in Resources */ = {isa = PBXBuildFile; fileRef = FF5EECFD23648EC000391697 /* PlantTypes.plist */; };
		FF5EED0123648F6B00391697 /* Plant.swift in Sources */ = {isa = PBXBuildFile; fileRef = FF5EED0023648F6B00391697 /* Plant.swift */; };
		FF5EED05236494DD00391697 /* AppCoordinator.swift in Sources */ = {isa = PBXBuildFile; fileRef = FF5EED04236494DD00391697 /* AppCoordinator.swift */; };
		FF5EED07236497A000391697 /* Coordinator.swift in Sources */ = {isa = PBXBuildFile; fileRef = FF5EED06236497A000391697 /* Coordinator.swift */; };
		FF5EED09236498D500391697 /* PlantsCoordinator.swift in Sources */ = {isa = PBXBuildFile; fileRef = FF5EED08236498D500391697 /* PlantsCoordinator.swift */; };
		FF5EED0C2364998F00391697 /* PlantsManager.swift in Sources */ = {isa = PBXBuildFile; fileRef = FF5EED0B2364998F00391697 /* PlantsManager.swift */; };
		FF5EED0E236499EF00391697 /* Manager.swift in Sources */ = {isa = PBXBuildFile; fileRef = FF5EED0D236499EF00391697 /* Manager.swift */; };
		FF5EED1223649BBB00391697 /* Model.xcdatamodeld in Sources */ = {isa = PBXBuildFile; fileRef = FF5EED1023649BBB00391697 /* Model.xcdatamodeld */; };
		FF5EED152364A20D00391697 /* Extensions.swift in Sources */ = {isa = PBXBuildFile; fileRef = FF5EED142364A20D00391697 /* Extensions.swift */; };
		FF5EED192364A2CC00391697 /* PlantsViewController.swift in Sources */ = {isa = PBXBuildFile; fileRef = FF5EED182364A2CC00391697 /* PlantsViewController.swift */; };
		FF5EED1B2364A30300391697 /* PlantsViewController.storyboard in Resources */ = {isa = PBXBuildFile; fileRef = FF5EED1A2364A30300391697 /* PlantsViewController.storyboard */; };
		FF959EDC2364E17400E4C5EF /* PlantViewModel.swift in Sources */ = {isa = PBXBuildFile; fileRef = FF959EDB2364E17400E4C5EF /* PlantViewModel.swift */; };
/* End PBXBuildFile section */

/* Begin PBXFileReference section */
		FF5EECE623648C0900391697 /* HomePlantsPlanner.app */ = {isa = PBXFileReference; explicitFileType = wrapper.application; includeInIndex = 0; path = HomePlantsPlanner.app; sourceTree = BUILT_PRODUCTS_DIR; };
		FF5EECE923648C0900391697 /* AppDelegate.swift */ = {isa = PBXFileReference; lastKnownFileType = sourcecode.swift; path = AppDelegate.swift; sourceTree = "<group>"; };
		FF5EECEB23648C0900391697 /* SceneDelegate.swift */ = {isa = PBXFileReference; lastKnownFileType = sourcecode.swift; path = SceneDelegate.swift; sourceTree = "<group>"; };
		FF5EECED23648C0900391697 /* ViewController.swift */ = {isa = PBXFileReference; lastKnownFileType = sourcecode.swift; path = ViewController.swift; sourceTree = "<group>"; };
		FF5EECF023648C0900391697 /* Base */ = {isa = PBXFileReference; lastKnownFileType = file.storyboard; name = Base; path = Base.lproj/Main.storyboard; sourceTree = "<group>"; };
		FF5EECF223648C1200391697 /* Assets.xcassets */ = {isa = PBXFileReference; lastKnownFileType = folder.assetcatalog; path = Assets.xcassets; sourceTree = "<group>"; };
		FF5EECF523648C1200391697 /* Base */ = {isa = PBXFileReference; lastKnownFileType = file.storyboard; name = Base; path = Base.lproj/LaunchScreen.storyboard; sourceTree = "<group>"; };
		FF5EECF723648C1200391697 /* Info.plist */ = {isa = PBXFileReference; lastKnownFileType = text.plist.xml; path = Info.plist; sourceTree = "<group>"; };
		FF5EECFD23648EC000391697 /* PlantTypes.plist */ = {isa = PBXFileReference; lastKnownFileType = text.plist.xml; path = PlantTypes.plist; sourceTree = "<group>"; };
		FF5EED0023648F6B00391697 /* Plant.swift */ = {isa = PBXFileReference; lastKnownFileType = sourcecode.swift; path = Plant.swift; sourceTree = "<group>"; };
		FF5EED04236494DD00391697 /* AppCoordinator.swift */ = {isa = PBXFileReference; lastKnownFileType = sourcecode.swift; path = AppCoordinator.swift; sourceTree = "<group>"; };
		FF5EED06236497A000391697 /* Coordinator.swift */ = {isa = PBXFileReference; lastKnownFileType = sourcecode.swift; path = Coordinator.swift; sourceTree = "<group>"; };
		FF5EED08236498D500391697 /* PlantsCoordinator.swift */ = {isa = PBXFileReference; lastKnownFileType = sourcecode.swift; path = PlantsCoordinator.swift; sourceTree = "<group>"; };
		FF5EED0B2364998F00391697 /* PlantsManager.swift */ = {isa = PBXFileReference; lastKnownFileType = sourcecode.swift; path = PlantsManager.swift; sourceTree = "<group>"; };
		FF5EED0D236499EF00391697 /* Manager.swift */ = {isa = PBXFileReference; lastKnownFileType = sourcecode.swift; path = Manager.swift; sourceTree = "<group>"; };
		FF5EED1123649BBB00391697 /* Model.xcdatamodel */ = {isa = PBXFileReference; lastKnownFileType = wrapper.xcdatamodel; path = Model.xcdatamodel; sourceTree = "<group>"; };
		FF5EED142364A20D00391697 /* Extensions.swift */ = {isa = PBXFileReference; lastKnownFileType = sourcecode.swift; path = Extensions.swift; sourceTree = "<group>"; };
		FF5EED182364A2CC00391697 /* PlantsViewController.swift */ = {isa = PBXFileReference; lastKnownFileType = sourcecode.swift; path = PlantsViewController.swift; sourceTree = "<group>"; };
		FF5EED1A2364A30300391697 /* PlantsViewController.storyboard */ = {isa = PBXFileReference; lastKnownFileType = file.storyboard; path = PlantsViewController.storyboard; sourceTree = "<group>"; };
		FF959EDB2364E17400E4C5EF /* PlantViewModel.swift */ = {isa = PBXFileReference; lastKnownFileType = sourcecode.swift; path = PlantViewModel.swift; sourceTree = "<group>"; };
/* End PBXFileReference section */

/* Begin PBXFrameworksBuildPhase section */
		FF5EECE323648C0900391697 /* Frameworks */ = {
			isa = PBXFrameworksBuildPhase;
			buildActionMask = 2147483647;
			files = (
			);
			runOnlyForDeploymentPostprocessing = 0;
		};
/* End PBXFrameworksBuildPhase section */

/* Begin PBXGroup section */
		FF5EECDD23648C0900391697 = {
			isa = PBXGroup;
			children = (
				FF5EECE823648C0900391697 /* HomePlantsPlanner */,
				FF5EECE723648C0900391697 /* Products */,
			);
			sourceTree = "<group>";
		};
		FF5EECE723648C0900391697 /* Products */ = {
			isa = PBXGroup;
			children = (
				FF5EECE623648C0900391697 /* HomePlantsPlanner.app */,
			);
			name = Products;
			sourceTree = "<group>";
		};
		FF5EECE823648C0900391697 /* HomePlantsPlanner */ = {
			isa = PBXGroup;
			children = (
				FF959EDA2364E15F00E4C5EF /* ViewModel */,
				FF5EED162364A29100391697 /* Scenes */,
				FF5EED132364A1ED00391697 /* Extensions */,
				FF5EED0A2364997B00391697 /* Managers */,
				FF5EED03236494BF00391697 /* Coordinator */,
				FF5EECFF23648F5400391697 /* Model */,
				FF5EECE923648C0900391697 /* AppDelegate.swift */,
				FF5EECEB23648C0900391697 /* SceneDelegate.swift */,
				FF5EECED23648C0900391697 /* ViewController.swift */,
				FF5EECEF23648C0900391697 /* Main.storyboard */,
				FF5EECF223648C1200391697 /* Assets.xcassets */,
				FF5EECF423648C1200391697 /* LaunchScreen.storyboard */,
				FF5EECF723648C1200391697 /* Info.plist */,
			);
			path = HomePlantsPlanner;
			sourceTree = "<group>";
		};
		FF5EECFF23648F5400391697 /* Model */ = {
			isa = PBXGroup;
			children = (
				FF5EED0F23649BA800391697 /* CoreData */,
				FF5EED02236490F800391697 /* Lists */,
				FF5EED0023648F6B00391697 /* Plant.swift */,
			);
			path = Model;
			sourceTree = "<group>";
		};
		FF5EED02236490F800391697 /* Lists */ = {
			isa = PBXGroup;
			children = (
				FF5EECFD23648EC000391697 /* PlantTypes.plist */,
			);
			path = Lists;
			sourceTree = "<group>";
		};
		FF5EED03236494BF00391697 /* Coordinator */ = {
			isa = PBXGroup;
			children = (
				FF5EED06236497A000391697 /* Coordinator.swift */,
				FF5EED04236494DD00391697 /* AppCoordinator.swift */,
				FF5EED08236498D500391697 /* PlantsCoordinator.swift */,
			);
			path = Coordinator;
			sourceTree = "<group>";
		};
		FF5EED0A2364997B00391697 /* Managers */ = {
			isa = PBXGroup;
			children = (
				FF5EED0D236499EF00391697 /* Manager.swift */,
				FF5EED0B2364998F00391697 /* PlantsManager.swift */,
			);
			path = Managers;
			sourceTree = "<group>";
		};
		FF5EED0F23649BA800391697 /* CoreData */ = {
			isa = PBXGroup;
			children = (
				FF5EED1023649BBB00391697 /* Model.xcdatamodeld */,
			);
			path = CoreData;
			sourceTree = "<group>";
		};
		FF5EED132364A1ED00391697 /* Extensions */ = {
			isa = PBXGroup;
			children = (
				FF5EED142364A20D00391697 /* Extensions.swift */,
			);
			path = Extensions;
			sourceTree = "<group>";
		};
		FF5EED162364A29100391697 /* Scenes */ = {
			isa = PBXGroup;
			children = (
				FF5EED172364A29F00391697 /* Plants */,
			);
			path = Scenes;
			sourceTree = "<group>";
		};
		FF5EED172364A29F00391697 /* Plants */ = {
			isa = PBXGroup;
			children = (
				FF5EED182364A2CC00391697 /* PlantsViewController.swift */,
				FF5EED1A2364A30300391697 /* PlantsViewController.storyboard */,
			);
			path = Plants;
			sourceTree = "<group>";
		};
		FF959EDA2364E15F00E4C5EF /* ViewModel */ = {
			isa = PBXGroup;
			children = (
				FF959EDB2364E17400E4C5EF /* PlantViewModel.swift */,
			);
			path = ViewModel;
			sourceTree = "<group>";
		};
/* End PBXGroup section */

/* Begin PBXNativeTarget section */
		FF5EECE523648C0900391697 /* HomePlantsPlanner */ = {
			isa = PBXNativeTarget;
			buildConfigurationList = FF5EECFA23648C1200391697 /* Build configuration list for PBXNativeTarget "HomePlantsPlanner" */;
			buildPhases = (
				FF5EECE223648C0900391697 /* Sources */,
				FF5EECE323648C0900391697 /* Frameworks */,
				FF5EECE423648C0900391697 /* Resources */,
			);
			buildRules = (
			);
			dependencies = (
			);
			name = HomePlantsPlanner;
			productName = HomePlantsPlanner;
			productReference = FF5EECE623648C0900391697 /* HomePlantsPlanner.app */;
			productType = "com.apple.product-type.application";
		};
/* End PBXNativeTarget section */

/* Begin PBXProject section */
		FF5EECDE23648C0900391697 /* Project object */ = {
			isa = PBXProject;
			attributes = {
				LastSwiftUpdateCheck = 1100;
				LastUpgradeCheck = 1100;
				ORGANIZATIONNAME = "Natalia Kazakova";
				TargetAttributes = {
					FF5EECE523648C0900391697 = {
						CreatedOnToolsVersion = 11.0;
					};
				};
			};
			buildConfigurationList = FF5EECE123648C0900391697 /* Build configuration list for PBXProject "HomePlantsPlanner" */;
			compatibilityVersion = "Xcode 9.3";
			developmentRegion = en;
			hasScannedForEncodings = 0;
			knownRegions = (
				en,
				Base,
			);
			mainGroup = FF5EECDD23648C0900391697;
			productRefGroup = FF5EECE723648C0900391697 /* Products */;
			projectDirPath = "";
			projectRoot = "";
			targets = (
				FF5EECE523648C0900391697 /* HomePlantsPlanner */,
			);
		};
/* End PBXProject section */

/* Begin PBXResourcesBuildPhase section */
		FF5EECE423648C0900391697 /* Resources */ = {
			isa = PBXResourcesBuildPhase;
			buildActionMask = 2147483647;
			files = (
				FF5EECF623648C1200391697 /* LaunchScreen.storyboard in Resources */,
				FF5EED1B2364A30300391697 /* PlantsViewController.storyboard in Resources */,
				FF5EECF323648C1200391697 /* Assets.xcassets in Resources */,
				FF5EECFE23648EC000391697 /* PlantTypes.plist in Resources */,
				FF5EECF123648C0900391697 /* Main.storyboard in Resources */,
			);
			runOnlyForDeploymentPostprocessing = 0;
		};
/* End PBXResourcesBuildPhase section */

/* Begin PBXSourcesBuildPhase section */
		FF5EECE223648C0900391697 /* Sources */ = {
			isa = PBXSourcesBuildPhase;
			buildActionMask = 2147483647;
			files = (
				FF5EECEE23648C0900391697 /* ViewController.swift in Sources */,
				FF5EED0123648F6B00391697 /* Plant.swift in Sources */,
				FF5EED07236497A000391697 /* Coordinator.swift in Sources */,
				FF5EED0C2364998F00391697 /* PlantsManager.swift in Sources */,
				FF5EED09236498D500391697 /* PlantsCoordinator.swift in Sources */,
				FF5EED05236494DD00391697 /* AppCoordinator.swift in Sources */,
				FF5EECEA23648C0900391697 /* AppDelegate.swift in Sources */,
				FF5EED1223649BBB00391697 /* Model.xcdatamodeld in Sources */,
				FF5EED0E236499EF00391697 /* Manager.swift in Sources */,
				FF959EDC2364E17400E4C5EF /* PlantViewModel.swift in Sources */,
				FF5EED152364A20D00391697 /* Extensions.swift in Sources */,
				FF5EED192364A2CC00391697 /* PlantsViewController.swift in Sources */,
				FF5EECEC23648C0900391697 /* SceneDelegate.swift in Sources */,
			);
			runOnlyForDeploymentPostprocessing = 0;
		};
/* End PBXSourcesBuildPhase section */

/* Begin PBXVariantGroup section */
		FF5EECEF23648C0900391697 /* Main.storyboard */ = {
			isa = PBXVariantGroup;
			children = (
				FF5EECF023648C0900391697 /* Base */,
			);
			name = Main.storyboard;
			sourceTree = "<group>";
		};
		FF5EECF423648C1200391697 /* LaunchScreen.storyboard */ = {
			isa = PBXVariantGroup;
			children = (
				FF5EECF523648C1200391697 /* Base */,
			);
			name = LaunchScreen.storyboard;
			sourceTree = "<group>";
		};
/* End PBXVariantGroup section */

/* Begin XCBuildConfiguration section */
		FF5EECF823648C1200391697 /* Debug */ = {
			isa = XCBuildConfiguration;
			buildSettings = {
				ALWAYS_SEARCH_USER_PATHS = NO;
				CLANG_ANALYZER_NONNULL = YES;
				CLANG_ANALYZER_NUMBER_OBJECT_CONVERSION = YES_AGGRESSIVE;
				CLANG_CXX_LANGUAGE_STANDARD = "gnu++14";
				CLANG_CXX_LIBRARY = "libc++";
				CLANG_ENABLE_MODULES = YES;
				CLANG_ENABLE_OBJC_ARC = YES;
				CLANG_ENABLE_OBJC_WEAK = YES;
				CLANG_WARN_BLOCK_CAPTURE_AUTORELEASING = YES;
				CLANG_WARN_BOOL_CONVERSION = YES;
				CLANG_WARN_COMMA = YES;
				CLANG_WARN_CONSTANT_CONVERSION = YES;
				CLANG_WARN_DEPRECATED_OBJC_IMPLEMENTATIONS = YES;
				CLANG_WARN_DIRECT_OBJC_ISA_USAGE = YES_ERROR;
				CLANG_WARN_DOCUMENTATION_COMMENTS = YES;
				CLANG_WARN_EMPTY_BODY = YES;
				CLANG_WARN_ENUM_CONVERSION = YES;
				CLANG_WARN_INFINITE_RECURSION = YES;
				CLANG_WARN_INT_CONVERSION = YES;
				CLANG_WARN_NON_LITERAL_NULL_CONVERSION = YES;
				CLANG_WARN_OBJC_IMPLICIT_RETAIN_SELF = YES;
				CLANG_WARN_OBJC_LITERAL_CONVERSION = YES;
				CLANG_WARN_OBJC_ROOT_CLASS = YES_ERROR;
				CLANG_WARN_RANGE_LOOP_ANALYSIS = YES;
				CLANG_WARN_STRICT_PROTOTYPES = YES;
				CLANG_WARN_SUSPICIOUS_MOVE = YES;
				CLANG_WARN_UNGUARDED_AVAILABILITY = YES_AGGRESSIVE;
				CLANG_WARN_UNREACHABLE_CODE = YES;
				CLANG_WARN__DUPLICATE_METHOD_MATCH = YES;
				COPY_PHASE_STRIP = NO;
				DEBUG_INFORMATION_FORMAT = dwarf;
				ENABLE_STRICT_OBJC_MSGSEND = YES;
				ENABLE_TESTABILITY = YES;
				GCC_C_LANGUAGE_STANDARD = gnu11;
				GCC_DYNAMIC_NO_PIC = NO;
				GCC_NO_COMMON_BLOCKS = YES;
				GCC_OPTIMIZATION_LEVEL = 0;
				GCC_PREPROCESSOR_DEFINITIONS = (
					"DEBUG=1",
					"$(inherited)",
				);
				GCC_WARN_64_TO_32_BIT_CONVERSION = YES;
				GCC_WARN_ABOUT_RETURN_TYPE = YES_ERROR;
				GCC_WARN_UNDECLARED_SELECTOR = YES;
				GCC_WARN_UNINITIALIZED_AUTOS = YES_AGGRESSIVE;
				GCC_WARN_UNUSED_FUNCTION = YES;
				GCC_WARN_UNUSED_VARIABLE = YES;
				IPHONEOS_DEPLOYMENT_TARGET = 13.0;
				MTL_ENABLE_DEBUG_INFO = INCLUDE_SOURCE;
				MTL_FAST_MATH = YES;
				ONLY_ACTIVE_ARCH = YES;
				SDKROOT = iphoneos;
				SWIFT_ACTIVE_COMPILATION_CONDITIONS = DEBUG;
				SWIFT_OPTIMIZATION_LEVEL = "-Onone";
			};
			name = Debug;
		};
		FF5EECF923648C1200391697 /* Release */ = {
			isa = XCBuildConfiguration;
			buildSettings = {
				ALWAYS_SEARCH_USER_PATHS = NO;
				CLANG_ANALYZER_NONNULL = YES;
				CLANG_ANALYZER_NUMBER_OBJECT_CONVERSION = YES_AGGRESSIVE;
				CLANG_CXX_LANGUAGE_STANDARD = "gnu++14";
				CLANG_CXX_LIBRARY = "libc++";
				CLANG_ENABLE_MODULES = YES;
				CLANG_ENABLE_OBJC_ARC = YES;
				CLANG_ENABLE_OBJC_WEAK = YES;
				CLANG_WARN_BLOCK_CAPTURE_AUTORELEASING = YES;
				CLANG_WARN_BOOL_CONVERSION = YES;
				CLANG_WARN_COMMA = YES;
				CLANG_WARN_CONSTANT_CONVERSION = YES;
				CLANG_WARN_DEPRECATED_OBJC_IMPLEMENTATIONS = YES;
				CLANG_WARN_DIRECT_OBJC_ISA_USAGE = YES_ERROR;
				CLANG_WARN_DOCUMENTATION_COMMENTS = YES;
				CLANG_WARN_EMPTY_BODY = YES;
				CLANG_WARN_ENUM_CONVERSION = YES;
				CLANG_WARN_INFINITE_RECURSION = YES;
				CLANG_WARN_INT_CONVERSION = YES;
				CLANG_WARN_NON_LITERAL_NULL_CONVERSION = YES;
				CLANG_WARN_OBJC_IMPLICIT_RETAIN_SELF = YES;
				CLANG_WARN_OBJC_LITERAL_CONVERSION = YES;
				CLANG_WARN_OBJC_ROOT_CLASS = YES_ERROR;
				CLANG_WARN_RANGE_LOOP_ANALYSIS = YES;
				CLANG_WARN_STRICT_PROTOTYPES = YES;
				CLANG_WARN_SUSPICIOUS_MOVE = YES;
				CLANG_WARN_UNGUARDED_AVAILABILITY = YES_AGGRESSIVE;
				CLANG_WARN_UNREACHABLE_CODE = YES;
				CLANG_WARN__DUPLICATE_METHOD_MATCH = YES;
				COPY_PHASE_STRIP = NO;
				DEBUG_INFORMATION_FORMAT = "dwarf-with-dsym";
				ENABLE_NS_ASSERTIONS = NO;
				ENABLE_STRICT_OBJC_MSGSEND = YES;
				GCC_C_LANGUAGE_STANDARD = gnu11;
				GCC_NO_COMMON_BLOCKS = YES;
				GCC_WARN_64_TO_32_BIT_CONVERSION = YES;
				GCC_WARN_ABOUT_RETURN_TYPE = YES_ERROR;
				GCC_WARN_UNDECLARED_SELECTOR = YES;
				GCC_WARN_UNINITIALIZED_AUTOS = YES_AGGRESSIVE;
				GCC_WARN_UNUSED_FUNCTION = YES;
				GCC_WARN_UNUSED_VARIABLE = YES;
				IPHONEOS_DEPLOYMENT_TARGET = 13.0;
				MTL_ENABLE_DEBUG_INFO = NO;
				MTL_FAST_MATH = YES;
				SDKROOT = iphoneos;
				SWIFT_COMPILATION_MODE = wholemodule;
				SWIFT_OPTIMIZATION_LEVEL = "-O";
				VALIDATE_PRODUCT = YES;
			};
			name = Release;
		};
		FF5EECFB23648C1200391697 /* Debug */ = {
			isa = XCBuildConfiguration;
			buildSettings = {
				ASSETCATALOG_COMPILER_APPICON_NAME = AppIcon;
				CODE_SIGN_STYLE = Automatic;
				DEVELOPMENT_TEAM = DLVL4AD94D;
				INFOPLIST_FILE = HomePlantsPlanner/Info.plist;
				LD_RUNPATH_SEARCH_PATHS = (
					"$(inherited)",
					"@executable_path/Frameworks",
				);
				PRODUCT_BUNDLE_IDENTIFIER = ru.kazakovanet.HomePlantsPlanner;
				PRODUCT_NAME = "$(TARGET_NAME)";
				SWIFT_VERSION = 5.0;
				TARGETED_DEVICE_FAMILY = 1;
			};
			name = Debug;
		};
		FF5EECFC23648C1200391697 /* Release */ = {
			isa = XCBuildConfiguration;
			buildSettings = {
				ASSETCATALOG_COMPILER_APPICON_NAME = AppIcon;
				CODE_SIGN_STYLE = Automatic;
				DEVELOPMENT_TEAM = DLVL4AD94D;
				INFOPLIST_FILE = HomePlantsPlanner/Info.plist;
				LD_RUNPATH_SEARCH_PATHS = (
					"$(inherited)",
					"@executable_path/Frameworks",
				);
				PRODUCT_BUNDLE_IDENTIFIER = ru.kazakovanet.HomePlantsPlanner;
				PRODUCT_NAME = "$(TARGET_NAME)";
				SWIFT_VERSION = 5.0;
				TARGETED_DEVICE_FAMILY = 1;
			};
			name = Release;
		};
/* End XCBuildConfiguration section */

/* Begin XCConfigurationList section */
		FF5EECE123648C0900391697 /* Build configuration list for PBXProject "HomePlantsPlanner" */ = {
			isa = XCConfigurationList;
			buildConfigurations = (
				FF5EECF823648C1200391697 /* Debug */,
				FF5EECF923648C1200391697 /* Release */,
			);
			defaultConfigurationIsVisible = 0;
			defaultConfigurationName = Release;
		};
		FF5EECFA23648C1200391697 /* Build configuration list for PBXNativeTarget "HomePlantsPlanner" */ = {
			isa = XCConfigurationList;
			buildConfigurations = (
				FF5EECFB23648C1200391697 /* Debug */,
				FF5EECFC23648C1200391697 /* Release */,
			);
			defaultConfigurationIsVisible = 0;
			defaultConfigurationName = Release;
		};
/* End XCConfigurationList section */

/* Begin XCVersionGroup section */
		FF5EED1023649BBB00391697 /* Model.xcdatamodeld */ = {
			isa = XCVersionGroup;
			children = (
				FF5EED1123649BBB00391697 /* Model.xcdatamodel */,
			);
			currentVersion = FF5EED1123649BBB00391697 /* Model.xcdatamodel */;
			path = Model.xcdatamodeld;
			sourceTree = "<group>";
			versionGroupType = wrapper.xcdatamodel;
		};
/* End XCVersionGroup section */
	};
	rootObject = FF5EECDE23648C0900391697 /* Project object */;
}
